
Microsoft Visual Studio Solution File, Format Version 12.00
# Visual Studio Version 17
VisualStudioVersion = 17.4.33213.308
MinimumVisualStudioVersion = 10.0.40219.1
Project("{9A19103F-16F7-4668-BE54-9A1E7A4F7556}") = "NewSchool.Api.Student", "NewSchool.Api.Student\NewSchool.Api.Student.csproj", "{C6585320-3958-4614-AEAA-1BCD79A974C1}"
EndProject
Project("{9A19103F-16F7-4668-BE54-9A1E7A4F7556}") = "NewSchool.Api.Subject", "NewSchool.Api.Subject\NewSchool.Api.Subject.csproj", "{E47695C1-7917-42CD-B9E9-AFCC38DC3238}"
EndProject
Project("{9A19103F-16F7-4668-BE54-9A1E7A4F7556}") = "NewSchool.Api.Assessment", "NewSchool.Api.Assessment\NewSchool.Api.Assessment.csproj", "{D74F27BF-6894-4D90-A452-B6BD923854DA}"
EndProject
Project("{9A19103F-16F7-4668-BE54-9A1E7A4F7556}") = "NewSchool.Api.Search", "NewSchool.Api.Search\NewSchool.Api.Search.csproj", "{9DC95070-015C-4D04-943D-B59CC1A5A686}"
EndProject
Project("{FAE04EC0-301F-11D3-BF4B-00C04F79EFBC}") = "NewSchool.Api.Assessment.Test", "NewSchool.Api.Test\NewSchool.Api.Assessment.Test.csproj", "{C5189C44-EFD3-4219-9F48-11C13B990C4C}"
EndProject
Global
	GlobalSection(SolutionConfigurationPlatforms) = preSolution
		Debug|Any CPU = Debug|Any CPU
		Release|Any CPU = Release|Any CPU
	EndGlobalSection
	GlobalSection(ProjectConfigurationPlatforms) = postSolution
		{C6585320-3958-4614-AEAA-1BCD79A974C1}.Debug|Any CPU.ActiveCfg = Debug|Any CPU
		{C6585320-3958-4614-AEAA-1BCD79A974C1}.Debug|Any CPU.Build.0 = Debug|Any CPU
		{C6585320-3958-4614-AEAA-1BCD79A974C1}.Release|Any CPU.ActiveCfg = Release|Any CPU
		{C6585320-3958-4614-AEAA-1BCD79A974C1}.Release|Any CPU.Build.0 = Release|Any CPU
		{E47695C1-7917-42CD-B9E9-AFCC38DC3238}.Debug|Any CPU.ActiveCfg = Debug|Any CPU
		{E47695C1-7917-42CD-B9E9-AFCC38DC3238}.Debug|Any CPU.Build.0 = Debug|Any CPU
		{E47695C1-7917-42CD-B9E9-AFCC38DC3238}.Release|Any CPU.ActiveCfg = Release|Any CPU
		{E47695C1-7917-42CD-B9E9-AFCC38DC3238}.Release|Any CPU.Build.0 = Release|Any CPU
		{D74F27BF-6894-4D90-A452-B6BD923854DA}.Debug|Any CPU.ActiveCfg = Debug|Any CPU
		{D74F27BF-6894-4D90-A452-B6BD923854DA}.Debug|Any CPU.Build.0 = Debug|Any CPU
		{D74F27BF-6894-4D90-A452-B6BD923854DA}.Release|Any CPU.ActiveCfg = Release|Any CPU
		{D74F27BF-6894-4D90-A452-B6BD923854DA}.Release|Any CPU.Build.0 = Release|Any CPU
		{9DC95070-015C-4D04-943D-B59CC1A5A686}.Debug|Any CPU.ActiveCfg = Debug|Any CPU
		{9DC95070-015C-4D04-943D-B59CC1A5A686}.Debug|Any CPU.Build.0 = Debug|Any CPU
		{9DC95070-015C-4D04-943D-B59CC1A5A686}.Release|Any CPU.ActiveCfg = Release|Any CPU
		{9DC95070-015C-4D04-943D-B59CC1A5A686}.Release|Any CPU.Build.0 = Release|Any CPU
		{C5189C44-EFD3-4219-9F48-11C13B990C4C}.Debug|Any CPU.ActiveCfg = Debug|Any CPU
		{C5189C44-EFD3-4219-9F48-11C13B990C4C}.Debug|Any CPU.Build.0 = Debug|Any CPU
		{C5189C44-EFD3-4219-9F48-11C13B990C4C}.Release|Any CPU.ActiveCfg = Release|Any CPU
		{C5189C44-EFD3-4219-9F48-11C13B990C4C}.Release|Any CPU.Build.0 = Release|Any CPU
	EndGlobalSection
	GlobalSection(SolutionProperties) = preSolution
		HideSolutionNode = FALSE
	EndGlobalSection
	GlobalSection(ExtensibilityGlobals) = postSolution
		SolutionGuid = {CE4A9399-DF6B-4BBB-9396-C33D9D82E3EF}
	EndGlobalSection
EndGlobal
